
Microsoft Visual Studio Solution File, Format Version 12.00
# Visual Studio 15
VisualStudioVersion = 15.0.26730.15
MinimumVisualStudioVersion = 10.0.40219.1
Project("{FAE04EC0-301F-11D3-BF4B-00C04F79EFBC}") = "BattlEyeManager.Web", "BattlEyeManager.Web\BattlEyeManager.Web.csproj", "{DA5703C1-884E-49E5-9F78-F3D1AC4EB610}"
EndProject
Global
	GlobalSection(SolutionConfigurationPlatforms) = preSolution
		Debug|Any CPU = Debug|Any CPU
		Release|Any CPU = Release|Any CPU
	EndGlobalSection
	GlobalSection(ProjectConfigurationPlatforms) = postSolution
		{DA5703C1-884E-49E5-9F78-F3D1AC4EB610}.Debug|Any CPU.ActiveCfg = Debug|Any CPU
		{DA5703C1-884E-49E5-9F78-F3D1AC4EB610}.Debug|Any CPU.Build.0 = Debug|Any CPU
		{DA5703C1-884E-49E5-9F78-F3D1AC4EB610}.Release|Any CPU.ActiveCfg = Release|Any CPU
		{DA5703C1-884E-49E5-9F78-F3D1AC4EB610}.Release|Any CPU.Build.0 = Release|Any CPU
	EndGlobalSection
	GlobalSection(SolutionProperties) = preSolution
		HideSolutionNode = FALSE
	EndGlobalSection
	GlobalSection(ExtensibilityGlobals) = postSolution
		SolutionGuid = {EBE31AEC-92EA-4545-9EE4-2F33F8A73727}
	EndGlobalSection
EndGlobal
