
Microsoft Visual Studio Solution File, Format Version 12.00
# Visual Studio 15
VisualStudioVersion = 15.0.27130.2027
MinimumVisualStudioVersion = 10.0.40219.1
Project("{FAE04EC0-301F-11D3-BF4B-00C04F79EFBC}") = "BattlEyeManager.Web", "BattlEyeManager.Web\BattlEyeManager.Web.csproj", "{D0505D1F-3CFC-40FE-BE3F-A636275841AF}"
EndProject
Global
	GlobalSection(SolutionConfigurationPlatforms) = preSolution
		Debug|Any CPU = Debug|Any CPU
		Release|Any CPU = Release|Any CPU
	EndGlobalSection
	GlobalSection(ProjectConfigurationPlatforms) = postSolution
		{D0505D1F-3CFC-40FE-BE3F-A636275841AF}.Debug|Any CPU.ActiveCfg = Debug|Any CPU
		{D0505D1F-3CFC-40FE-BE3F-A636275841AF}.Debug|Any CPU.Build.0 = Debug|Any CPU
		{D0505D1F-3CFC-40FE-BE3F-A636275841AF}.Release|Any CPU.ActiveCfg = Release|Any CPU
		{D0505D1F-3CFC-40FE-BE3F-A636275841AF}.Release|Any CPU.Build.0 = Release|Any CPU
	EndGlobalSection
	GlobalSection(SolutionProperties) = preSolution
		HideSolutionNode = FALSE
	EndGlobalSection
	GlobalSection(ExtensibilityGlobals) = postSolution
		SolutionGuid = {86732B31-DEAA-4666-8AD7-7B647C56E626}
	EndGlobalSection
EndGlobal
